
Microsoft Visual Studio Solution File, Format Version 12.00
# Visual Studio Version 16
VisualStudioVersion = 16.0.31702.278
MinimumVisualStudioVersion = 10.0.40219.1
Project("{FAE04EC0-301F-11D3-BF4B-00C04F79EFBC}") = "SortLab", "SortLab\SortLab.csproj", "{E26B0319-BEA3-4E48-94ED-8C4DC3F3CDE2}"
EndProject
Global
	GlobalSection(SolutionConfigurationPlatforms) = preSolution
		Debug|Any CPU = Debug|Any CPU
		Debug|x86 = Debug|x86
		Release|Any CPU = Release|Any CPU
		Release|x86 = Release|x86
	EndGlobalSection
	GlobalSection(ProjectConfigurationPlatforms) = postSolution
		{E26B0319-BEA3-4E48-94ED-8C4DC3F3CDE2}.Debug|Any CPU.ActiveCfg = Debug|Any CPU
		{E26B0319-BEA3-4E48-94ED-8C4DC3F3CDE2}.Debug|Any CPU.Build.0 = Debug|Any CPU
		{E26B0319-BEA3-4E48-94ED-8C4DC3F3CDE2}.Debug|x86.ActiveCfg = Debug|Any CPU
		{E26B0319-BEA3-4E48-94ED-8C4DC3F3CDE2}.Debug|x86.Build.0 = Debug|Any CPU
		{E26B0319-BEA3-4E48-94ED-8C4DC3F3CDE2}.Release|Any CPU.ActiveCfg = Release|Any CPU
		{E26B0319-BEA3-4E48-94ED-8C4DC3F3CDE2}.Release|Any CPU.Build.0 = Release|Any CPU
		{E26B0319-BEA3-4E48-94ED-8C4DC3F3CDE2}.Release|x86.ActiveCfg = Release|Any CPU
		{E26B0319-BEA3-4E48-94ED-8C4DC3F3CDE2}.Release|x86.Build.0 = Release|Any CPU
	EndGlobalSection
	GlobalSection(SolutionProperties) = preSolution
		HideSolutionNode = FALSE
	EndGlobalSection
	GlobalSection(ExtensibilityGlobals) = postSolution
		SolutionGuid = {031B4B82-E1C2-47D8-84A9-9849792B6C24}
	EndGlobalSection
EndGlobal
